
Microsoft Visual Studio Solution File, Format Version 12.00
# Visual Studio Version 17
VisualStudioVersion = 17.11.35312.102
MinimumVisualStudioVersion = 10.0.40219.1
Project("{8BC9CEB8-8B4A-11D0-8D11-00A0C91BC942}") = "P10-9", "P10-9\P10-9.vcxproj", "{5704414D-0252-49FB-A42B-E78AEADBFC17}"
EndProject
Global
	GlobalSection(SolutionConfigurationPlatforms) = preSolution
		Debug|x64 = Debug|x64
		Debug|x86 = Debug|x86
		Release|x64 = Release|x64
		Release|x86 = Release|x86
	EndGlobalSection
	GlobalSection(ProjectConfigurationPlatforms) = postSolution
		{5704414D-0252-49FB-A42B-E78AEADBFC17}.Debug|x64.ActiveCfg = Debug|x64
		{5704414D-0252-49FB-A42B-E78AEADBFC17}.Debug|x64.Build.0 = Debug|x64
		{5704414D-0252-49FB-A42B-E78AEADBFC17}.Debug|x86.ActiveCfg = Debug|Win32
		{5704414D-0252-49FB-A42B-E78AEADBFC17}.Debug|x86.Build.0 = Debug|Win32
		{5704414D-0252-49FB-A42B-E78AEADBFC17}.Release|x64.ActiveCfg = Release|x64
		{5704414D-0252-49FB-A42B-E78AEADBFC17}.Release|x64.Build.0 = Release|x64
		{5704414D-0252-49FB-A42B-E78AEADBFC17}.Release|x86.ActiveCfg = Release|Win32
		{5704414D-0252-49FB-A42B-E78AEADBFC17}.Release|x86.Build.0 = Release|Win32
	EndGlobalSection
	GlobalSection(SolutionProperties) = preSolution
		HideSolutionNode = FALSE
	EndGlobalSection
	GlobalSection(ExtensibilityGlobals) = postSolution
		SolutionGuid = {CB925C26-B98A-488F-BD95-F7E16B5BA99C}
	EndGlobalSection
EndGlobal
